{
    "_meta": {
        "hash": {
            "sha256": "b01ba4b99f7a5e5c3ea7e66c48711f2cb35188599ca3d2dfdefa7039d7e178f2"
        },
        "pipfile-spec": 6,
        "requires": {
            "python_version": "3.7"
        },
        "sources": [
            {
                "name": "pypi",
                "url": "https://pypi.org/simple",
                "verify_ssl": true
            }
        ]
    },
    "default": {
        "django": {
            "hashes": [
                "sha256:83615ecf738ed710e90ca0dff719b269cc93128c5f0f361370d4e52f42209d16",
                "sha256:861db7f82436ab43e1411832ed8dca81fc5fc0f7c2039c7e07a080a63092fb44"
            ],
            "index": "pypi",
            "version": "==1.11.26"
        },
        "pytz": {
            "hashes": [
                "sha256:1c557d7d0e871de1f5ccd5833f60fb2550652da6be2693c1e02300743d21500d",
                "sha256:b02c06db6cf09c12dd25137e563b31700d3b80fcc4ad23abb7a315f2789819be"
            ],
            "version": "==2019.3"
        }
    },
    "develop": {}
}
